
Microsoft Visual Studio Solution File, Format Version 12.00
Project("{FAE04EC0-301F-11D3-BF4B-00C04F79EFBC}") = "WebApiEF", "WebApiEF\WebApiEF.csproj", "{0FD9D41A-DE45-4FCB-BB6B-D91FAE7D8CCB}"
EndProject
Global
	GlobalSection(SolutionConfigurationPlatforms) = preSolution
		Debug|Any CPU = Debug|Any CPU
		Release|Any CPU = Release|Any CPU
	EndGlobalSection
	GlobalSection(ProjectConfigurationPlatforms) = postSolution
		{0FD9D41A-DE45-4FCB-BB6B-D91FAE7D8CCB}.Debug|Any CPU.ActiveCfg = Debug|Any CPU
		{0FD9D41A-DE45-4FCB-BB6B-D91FAE7D8CCB}.Debug|Any CPU.Build.0 = Debug|Any CPU
		{0FD9D41A-DE45-4FCB-BB6B-D91FAE7D8CCB}.Release|Any CPU.ActiveCfg = Release|Any CPU
		{0FD9D41A-DE45-4FCB-BB6B-D91FAE7D8CCB}.Release|Any CPU.Build.0 = Release|Any CPU
	EndGlobalSection
EndGlobal
